
Microsoft Visual Studio Solution File, Format Version 12.00
# Visual Studio Version 17
VisualStudioVersion = 17.1.32421.90
MinimumVisualStudioVersion = 10.0.40219.1
Project("{9A19103F-16F7-4668-BE54-9A1E7A4F7556}") = "TicketingSolution.Core.Test", "TicketingSolution.Core.Test\TicketingSolution.Core.Test.csproj", "{C9192906-45E1-45D7-B901-CF9429B64CD0}"
EndProject
Project("{9A19103F-16F7-4668-BE54-9A1E7A4F7556}") = "TicketingSolution.Core", "TicketingSolution.Core\TicketingSolution.Core.csproj", "{56B2210B-9053-4465-86E5-DCFDE3137A17}"
EndProject
Project("{9A19103F-16F7-4668-BE54-9A1E7A4F7556}") = "TicketingSolution.Domain", "TicketingSolution.Domain\TicketingSolution.Domain.csproj", "{A34CC14C-5745-4001-BD61-6AC82AE202FD}"
EndProject
Project("{9A19103F-16F7-4668-BE54-9A1E7A4F7556}") = "TicketingSolution.Persistence", "TicketingSolution.Persistence\TicketingSolution.Persistence.csproj", "{920E1361-211F-48F4-802B-1833099FD601}"
EndProject
Project("{9A19103F-16F7-4668-BE54-9A1E7A4F7556}") = "TicketingSolution.Persistence.Tests", "TicketingSolution.Persistence.Tests\TicketingSolution.Persistence.Tests.csproj", "{F41E1D87-3254-437C-9F5B-510E155255A9}"
EndProject
Project("{FAE04EC0-301F-11D3-BF4B-00C04F79EFBC}") = "TicketingSolution.API", "TicketingSolution.API\TicketingSolution.API.csproj", "{1F5AEB1F-EAD7-43A3-A532-286102758DBF}"
EndProject
Project("{FAE04EC0-301F-11D3-BF4B-00C04F79EFBC}") = "TicketingSolution.API.Test", "TicketingSolution.API.Test\TicketingSolution.API.Test.csproj", "{31A0A4F5-8B37-41AA-B733-24E8303E309F}"
EndProject
Global
	GlobalSection(SolutionConfigurationPlatforms) = preSolution
		Debug|Any CPU = Debug|Any CPU
		Release|Any CPU = Release|Any CPU
	EndGlobalSection
	GlobalSection(ProjectConfigurationPlatforms) = postSolution
		{C9192906-45E1-45D7-B901-CF9429B64CD0}.Debug|Any CPU.ActiveCfg = Debug|Any CPU
		{C9192906-45E1-45D7-B901-CF9429B64CD0}.Debug|Any CPU.Build.0 = Debug|Any CPU
		{C9192906-45E1-45D7-B901-CF9429B64CD0}.Release|Any CPU.ActiveCfg = Release|Any CPU
		{C9192906-45E1-45D7-B901-CF9429B64CD0}.Release|Any CPU.Build.0 = Release|Any CPU
		{56B2210B-9053-4465-86E5-DCFDE3137A17}.Debug|Any CPU.ActiveCfg = Debug|Any CPU
		{56B2210B-9053-4465-86E5-DCFDE3137A17}.Debug|Any CPU.Build.0 = Debug|Any CPU
		{56B2210B-9053-4465-86E5-DCFDE3137A17}.Release|Any CPU.ActiveCfg = Release|Any CPU
		{56B2210B-9053-4465-86E5-DCFDE3137A17}.Release|Any CPU.Build.0 = Release|Any CPU
		{A34CC14C-5745-4001-BD61-6AC82AE202FD}.Debug|Any CPU.ActiveCfg = Debug|Any CPU
		{A34CC14C-5745-4001-BD61-6AC82AE202FD}.Debug|Any CPU.Build.0 = Debug|Any CPU
		{A34CC14C-5745-4001-BD61-6AC82AE202FD}.Release|Any CPU.ActiveCfg = Release|Any CPU
		{A34CC14C-5745-4001-BD61-6AC82AE202FD}.Release|Any CPU.Build.0 = Release|Any CPU
		{920E1361-211F-48F4-802B-1833099FD601}.Debug|Any CPU.ActiveCfg = Debug|Any CPU
		{920E1361-211F-48F4-802B-1833099FD601}.Debug|Any CPU.Build.0 = Debug|Any CPU
		{920E1361-211F-48F4-802B-1833099FD601}.Release|Any CPU.ActiveCfg = Release|Any CPU
		{920E1361-211F-48F4-802B-1833099FD601}.Release|Any CPU.Build.0 = Release|Any CPU
		{F41E1D87-3254-437C-9F5B-510E155255A9}.Debug|Any CPU.ActiveCfg = Debug|Any CPU
		{F41E1D87-3254-437C-9F5B-510E155255A9}.Debug|Any CPU.Build.0 = Debug|Any CPU
		{F41E1D87-3254-437C-9F5B-510E155255A9}.Release|Any CPU.ActiveCfg = Release|Any CPU
		{F41E1D87-3254-437C-9F5B-510E155255A9}.Release|Any CPU.Build.0 = Release|Any CPU
		{1F5AEB1F-EAD7-43A3-A532-286102758DBF}.Debug|Any CPU.ActiveCfg = Debug|Any CPU
		{1F5AEB1F-EAD7-43A3-A532-286102758DBF}.Debug|Any CPU.Build.0 = Debug|Any CPU
		{1F5AEB1F-EAD7-43A3-A532-286102758DBF}.Release|Any CPU.ActiveCfg = Release|Any CPU
		{1F5AEB1F-EAD7-43A3-A532-286102758DBF}.Release|Any CPU.Build.0 = Release|Any CPU
		{31A0A4F5-8B37-41AA-B733-24E8303E309F}.Debug|Any CPU.ActiveCfg = Debug|Any CPU
		{31A0A4F5-8B37-41AA-B733-24E8303E309F}.Debug|Any CPU.Build.0 = Debug|Any CPU
		{31A0A4F5-8B37-41AA-B733-24E8303E309F}.Release|Any CPU.ActiveCfg = Release|Any CPU
		{31A0A4F5-8B37-41AA-B733-24E8303E309F}.Release|Any CPU.Build.0 = Release|Any CPU
	EndGlobalSection
	GlobalSection(SolutionProperties) = preSolution
		HideSolutionNode = FALSE
	EndGlobalSection
	GlobalSection(ExtensibilityGlobals) = postSolution
		SolutionGuid = {049AC73C-222F-4B9C-ADD7-3D03648F0633}
	EndGlobalSection
EndGlobal
